
Microsoft Visual Studio Solution File, Format Version 12.00
# Visual Studio Version 17
VisualStudioVersion = 17.3.32929.385
MinimumVisualStudioVersion = 10.0.40219.1
Project("{9A19103F-16F7-4668-BE54-9A1E7A4F7556}") = "CDP4Common", "CDP4Common\CDP4Common.csproj", "{66BB2677-B6D6-43F2-A56C-884FADF6ABF9}"
EndProject
Project("{9A19103F-16F7-4668-BE54-9A1E7A4F7556}") = "CDP4Common.NetCore.Tests", "CDP4Common.NetCore.Tests\CDP4Common.NetCore.Tests.csproj", "{39F6D678-F3EF-458A-9C6B-680F272314D3}"
EndProject
Project("{2150E333-8FDC-42A3-9474-1A3956D46DE8}") = "Solution Items", "Solution Items", "{8B27CAF4-B780-43A8-B0CA-768A294C599C}"
	ProjectSection(SolutionItems) = preProject
		CDP4-SDK.sln.DotSettings = CDP4-SDK.sln.DotSettings
		.github\workflows\codeql-analysis.yml = .github\workflows\codeql-analysis.yml
		.github\workflows\CodeQuality.yml = .github\workflows\CodeQuality.yml
		README.md = README.md
	EndProjectSection
EndProject
Project("{2150E333-8FDC-42A3-9474-1A3956D46DE8}") = "Github Actions", "Github Actions", "{A51D9FCE-BFF3-4428-B538-B6A45B3A5401}"
	ProjectSection(SolutionItems) = preProject
		.github\workflows\codeql-analysis.yml = .github\workflows\codeql-analysis.yml
		.github\workflows\CodeQuality.yml = .github\workflows\CodeQuality.yml
	EndProjectSection
EndProject
Global
	GlobalSection(SolutionConfigurationPlatforms) = preSolution
		Debug|Any CPU = Debug|Any CPU
		Release|Any CPU = Release|Any CPU
	EndGlobalSection
	GlobalSection(ProjectConfigurationPlatforms) = postSolution
		{66BB2677-B6D6-43F2-A56C-884FADF6ABF9}.Debug|Any CPU.ActiveCfg = Debug|Any CPU
		{66BB2677-B6D6-43F2-A56C-884FADF6ABF9}.Debug|Any CPU.Build.0 = Debug|Any CPU
		{66BB2677-B6D6-43F2-A56C-884FADF6ABF9}.Release|Any CPU.ActiveCfg = Release|Any CPU
		{66BB2677-B6D6-43F2-A56C-884FADF6ABF9}.Release|Any CPU.Build.0 = Release|Any CPU
		{39F6D678-F3EF-458A-9C6B-680F272314D3}.Debug|Any CPU.ActiveCfg = Debug|Any CPU
		{39F6D678-F3EF-458A-9C6B-680F272314D3}.Debug|Any CPU.Build.0 = Debug|Any CPU
		{39F6D678-F3EF-458A-9C6B-680F272314D3}.Release|Any CPU.ActiveCfg = Release|Any CPU
		{39F6D678-F3EF-458A-9C6B-680F272314D3}.Release|Any CPU.Build.0 = Release|Any CPU
	EndGlobalSection
	GlobalSection(SolutionProperties) = preSolution
		HideSolutionNode = FALSE
	EndGlobalSection
	GlobalSection(ExtensibilityGlobals) = postSolution
		SolutionGuid = {FC2CA84E-242A-4AEB-B00F-312DE0D19E95}
	EndGlobalSection
EndGlobal
